
Microsoft Visual Studio Solution File, Format Version 12.00
# Visual Studio 2015
Project("{FAE04EC0-301F-11D3-BF4B-00C04F79EFBC}") = "Grimm-Journey.CSharp.Plugins", "Grimm-Journey.CSharp.Plugins.csproj", "{1642DE2F-A3CC-F116-DCFA-C0A00234CFCF}"
EndProject
Project("{FAE04EC0-301F-11D3-BF4B-00C04F79EFBC}") = "Grimm-Journey.CSharp", "Grimm-Journey.CSharp.csproj", "{902D387D-F13F-44B4-6BCB-383D0D4F70DB}"
EndProject
Project("{FAE04EC0-301F-11D3-BF4B-00C04F79EFBC}") = "Grimm-Journey.CSharp.Editor", "Grimm-Journey.CSharp.Editor.csproj", "{73E6A9B1-F0B5-1434-39B5-DB1ED2D8BA78}"
EndProject
Global
	GlobalSection(SolutionConfigurationPlatforms) = preSolution
		Debug|Any CPU = Debug|Any CPU
		Release|Any CPU = Release|Any CPU
	EndGlobalSection
	GlobalSection(ProjectConfigurationPlatforms) = postSolution
		{1642DE2F-A3CC-F116-DCFA-C0A00234CFCF}.Debug|Any CPU.ActiveCfg = Debug|Any CPU
		{1642DE2F-A3CC-F116-DCFA-C0A00234CFCF}.Debug|Any CPU.Build.0 = Debug|Any CPU
		{1642DE2F-A3CC-F116-DCFA-C0A00234CFCF}.Release|Any CPU.ActiveCfg = Release|Any CPU
		{1642DE2F-A3CC-F116-DCFA-C0A00234CFCF}.Release|Any CPU.Build.0 = Release|Any CPU
		{902D387D-F13F-44B4-6BCB-383D0D4F70DB}.Debug|Any CPU.ActiveCfg = Debug|Any CPU
		{902D387D-F13F-44B4-6BCB-383D0D4F70DB}.Debug|Any CPU.Build.0 = Debug|Any CPU
		{902D387D-F13F-44B4-6BCB-383D0D4F70DB}.Release|Any CPU.ActiveCfg = Release|Any CPU
		{902D387D-F13F-44B4-6BCB-383D0D4F70DB}.Release|Any CPU.Build.0 = Release|Any CPU
		{73E6A9B1-F0B5-1434-39B5-DB1ED2D8BA78}.Debug|Any CPU.ActiveCfg = Debug|Any CPU
		{73E6A9B1-F0B5-1434-39B5-DB1ED2D8BA78}.Debug|Any CPU.Build.0 = Debug|Any CPU
		{73E6A9B1-F0B5-1434-39B5-DB1ED2D8BA78}.Release|Any CPU.ActiveCfg = Release|Any CPU
		{73E6A9B1-F0B5-1434-39B5-DB1ED2D8BA78}.Release|Any CPU.Build.0 = Release|Any CPU
	EndGlobalSection
	GlobalSection(SolutionProperties) = preSolution
		HideSolutionNode = FALSE
	EndGlobalSection
EndGlobal
